
Microsoft Visual Studio Solution File, Format Version 12.00
# Visual Studio 2013
VisualStudioVersion = 12.0.31101.0
MinimumVisualStudioVersion = 10.0.40219.1
Project("{FAE04EC0-301F-11D3-BF4B-00C04F79EFBC}") = "Mdl2Tool", "Mdl2Tool\Mdl2Tool.csproj", "{830B4E38-4239-434B-849D-318DF10A54A2}"
EndProject
Project("{FF286327-C783-4F7A-AB73-9BCBAD0D4460}") = "ScottIsAFool.Mdl2", "ScottIsAFool.Mdl2\ScottIsAFool.Mdl2.nuproj", "{41B2E885-20A1-4CE2-AC00-974397E61384}"
EndProject
Global
	GlobalSection(SolutionConfigurationPlatforms) = preSolution
		Debug|Any CPU = Debug|Any CPU
		Release|Any CPU = Release|Any CPU
	EndGlobalSection
	GlobalSection(ProjectConfigurationPlatforms) = postSolution
		{830B4E38-4239-434B-849D-318DF10A54A2}.Debug|Any CPU.ActiveCfg = Debug|Any CPU
		{830B4E38-4239-434B-849D-318DF10A54A2}.Debug|Any CPU.Build.0 = Debug|Any CPU
		{830B4E38-4239-434B-849D-318DF10A54A2}.Release|Any CPU.ActiveCfg = Release|Any CPU
		{830B4E38-4239-434B-849D-318DF10A54A2}.Release|Any CPU.Build.0 = Release|Any CPU
		{41B2E885-20A1-4CE2-AC00-974397E61384}.Debug|Any CPU.ActiveCfg = Debug|Any CPU
		{41B2E885-20A1-4CE2-AC00-974397E61384}.Debug|Any CPU.Build.0 = Debug|Any CPU
		{41B2E885-20A1-4CE2-AC00-974397E61384}.Release|Any CPU.ActiveCfg = Release|Any CPU
		{41B2E885-20A1-4CE2-AC00-974397E61384}.Release|Any CPU.Build.0 = Release|Any CPU
	EndGlobalSection
	GlobalSection(SolutionProperties) = preSolution
		HideSolutionNode = FALSE
	EndGlobalSection
EndGlobal
